
Microsoft Visual Studio Solution File, Format Version 12.00
# Visual Studio Version 17
VisualStudioVersion = 17.13.35913.81
MinimumVisualStudioVersion = 10.0.40219.1
Project("{2150E333-8FDC-42A3-9474-1A3956D46DE8}") = "Bootstrapper", "Bootstrapper", "{02EA681E-C7D8-13C7-8484-4AC65E1B71E8}"
EndProject
Project("{2150E333-8FDC-42A3-9474-1A3956D46DE8}") = "Modules", "Modules", "{C94BE600-0E8B-46F9-A045-49D6495A3C71}"
EndProject
Project("{2150E333-8FDC-42A3-9474-1A3956D46DE8}") = "Shared", "Shared", "{6F654757-23B9-4361-8632-515B06342DEE}"
EndProject
Project("{FAE04EC0-301F-11D3-BF4B-00C04F79EFBC}") = "Api", "Bootstrapper\Api\Api.csproj", "{A6CF1347-AB9F-4EA7-88A8-B12118502036}"
EndProject
Project("{2150E333-8FDC-42A3-9474-1A3956D46DE8}") = "Basket", "Basket", "{CC88F110-BCFF-4DA7-BB3B-3A31F99EA454}"
EndProject
Project("{2150E333-8FDC-42A3-9474-1A3956D46DE8}") = "Catalog", "Catalog", "{DB453283-7AEE-42AA-A673-187A71DD6DE0}"
EndProject
Project("{2150E333-8FDC-42A3-9474-1A3956D46DE8}") = "Ordering", "Ordering", "{7E02658A-61FC-47C2-A53A-719CF1B1A89C}"
EndProject
Project("{FAE04EC0-301F-11D3-BF4B-00C04F79EFBC}") = "Catalog", "Modules\Catalog\ClassLibrary1\Catalog.csproj", "{0DEB2484-98C2-42BE-A901-0DA35C2B0261}"
EndProject
Project("{FAE04EC0-301F-11D3-BF4B-00C04F79EFBC}") = "Basket", "Modules\Basket\Basket\Basket.csproj", "{AA6833E8-205E-490C-8DE3-D0D63D3FFF84}"
EndProject
Project("{FAE04EC0-301F-11D3-BF4B-00C04F79EFBC}") = "Ordering", "Modules\Ordering\Ordering\Ordering.csproj", "{BFC5587A-68B6-446B-B610-7A55217DF8C2}"
EndProject
Project("{FAE04EC0-301F-11D3-BF4B-00C04F79EFBC}") = "Shared", "Shared\Shared\Shared.csproj", "{EE03804D-E45F-4B25-BAC5-66B464B0AF47}"
EndProject
Global
	GlobalSection(SolutionConfigurationPlatforms) = preSolution
		Debug|Any CPU = Debug|Any CPU
		Release|Any CPU = Release|Any CPU
	EndGlobalSection
	GlobalSection(ProjectConfigurationPlatforms) = postSolution
		{A6CF1347-AB9F-4EA7-88A8-B12118502036}.Debug|Any CPU.ActiveCfg = Debug|Any CPU
		{A6CF1347-AB9F-4EA7-88A8-B12118502036}.Debug|Any CPU.Build.0 = Debug|Any CPU
		{A6CF1347-AB9F-4EA7-88A8-B12118502036}.Release|Any CPU.ActiveCfg = Release|Any CPU
		{A6CF1347-AB9F-4EA7-88A8-B12118502036}.Release|Any CPU.Build.0 = Release|Any CPU
		{0DEB2484-98C2-42BE-A901-0DA35C2B0261}.Debug|Any CPU.ActiveCfg = Debug|Any CPU
		{0DEB2484-98C2-42BE-A901-0DA35C2B0261}.Debug|Any CPU.Build.0 = Debug|Any CPU
		{0DEB2484-98C2-42BE-A901-0DA35C2B0261}.Release|Any CPU.ActiveCfg = Release|Any CPU
		{0DEB2484-98C2-42BE-A901-0DA35C2B0261}.Release|Any CPU.Build.0 = Release|Any CPU
		{AA6833E8-205E-490C-8DE3-D0D63D3FFF84}.Debug|Any CPU.ActiveCfg = Debug|Any CPU
		{AA6833E8-205E-490C-8DE3-D0D63D3FFF84}.Debug|Any CPU.Build.0 = Debug|Any CPU
		{AA6833E8-205E-490C-8DE3-D0D63D3FFF84}.Release|Any CPU.ActiveCfg = Release|Any CPU
		{AA6833E8-205E-490C-8DE3-D0D63D3FFF84}.Release|Any CPU.Build.0 = Release|Any CPU
		{BFC5587A-68B6-446B-B610-7A55217DF8C2}.Debug|Any CPU.ActiveCfg = Debug|Any CPU
		{BFC5587A-68B6-446B-B610-7A55217DF8C2}.Debug|Any CPU.Build.0 = Debug|Any CPU
		{BFC5587A-68B6-446B-B610-7A55217DF8C2}.Release|Any CPU.ActiveCfg = Release|Any CPU
		{BFC5587A-68B6-446B-B610-7A55217DF8C2}.Release|Any CPU.Build.0 = Release|Any CPU
		{EE03804D-E45F-4B25-BAC5-66B464B0AF47}.Debug|Any CPU.ActiveCfg = Debug|Any CPU
		{EE03804D-E45F-4B25-BAC5-66B464B0AF47}.Debug|Any CPU.Build.0 = Debug|Any CPU
		{EE03804D-E45F-4B25-BAC5-66B464B0AF47}.Release|Any CPU.ActiveCfg = Release|Any CPU
		{EE03804D-E45F-4B25-BAC5-66B464B0AF47}.Release|Any CPU.Build.0 = Release|Any CPU
	EndGlobalSection
	GlobalSection(SolutionProperties) = preSolution
		HideSolutionNode = FALSE
	EndGlobalSection
	GlobalSection(NestedProjects) = preSolution
		{A6CF1347-AB9F-4EA7-88A8-B12118502036} = {02EA681E-C7D8-13C7-8484-4AC65E1B71E8}
		{CC88F110-BCFF-4DA7-BB3B-3A31F99EA454} = {C94BE600-0E8B-46F9-A045-49D6495A3C71}
		{DB453283-7AEE-42AA-A673-187A71DD6DE0} = {C94BE600-0E8B-46F9-A045-49D6495A3C71}
		{7E02658A-61FC-47C2-A53A-719CF1B1A89C} = {C94BE600-0E8B-46F9-A045-49D6495A3C71}
		{0DEB2484-98C2-42BE-A901-0DA35C2B0261} = {DB453283-7AEE-42AA-A673-187A71DD6DE0}
		{AA6833E8-205E-490C-8DE3-D0D63D3FFF84} = {CC88F110-BCFF-4DA7-BB3B-3A31F99EA454}
		{BFC5587A-68B6-446B-B610-7A55217DF8C2} = {7E02658A-61FC-47C2-A53A-719CF1B1A89C}
		{EE03804D-E45F-4B25-BAC5-66B464B0AF47} = {6F654757-23B9-4361-8632-515B06342DEE}
	EndGlobalSection
	GlobalSection(ExtensibilityGlobals) = postSolution
		SolutionGuid = {866C552C-2644-4D7F-893E-4889AAE3AE62}
	EndGlobalSection
EndGlobal
